
Microsoft Visual Studio Solution File, Format Version 12.00
# Visual Studio 15
VisualStudioVersion = 15.0.28010.2016
MinimumVisualStudioVersion = 10.0.40219.1
Project("{FAE04EC0-301F-11D3-BF4B-00C04F79EFBC}") = "Mvlsz.Persistance", "Mvlsz.Persistance\Mvlsz.Persistance.csproj", "{23123E94-8AFF-4DB7-9A65-0868C4CC9CCD}"
EndProject
Project("{FAE04EC0-301F-11D3-BF4B-00C04F79EFBC}") = "Mvlsz.Site", "Mvlsz.Site\Mvlsz.Site.csproj", "{644C2CB0-A477-48E3-8633-F67A20FC550C}"
EndProject
Global
	GlobalSection(SolutionConfigurationPlatforms) = preSolution
		Debug|Any CPU = Debug|Any CPU
		Release|Any CPU = Release|Any CPU
	EndGlobalSection
	GlobalSection(ProjectConfigurationPlatforms) = postSolution
		{23123E94-8AFF-4DB7-9A65-0868C4CC9CCD}.Debug|Any CPU.ActiveCfg = Debug|Any CPU
		{23123E94-8AFF-4DB7-9A65-0868C4CC9CCD}.Debug|Any CPU.Build.0 = Debug|Any CPU
		{23123E94-8AFF-4DB7-9A65-0868C4CC9CCD}.Release|Any CPU.ActiveCfg = Release|Any CPU
		{23123E94-8AFF-4DB7-9A65-0868C4CC9CCD}.Release|Any CPU.Build.0 = Release|Any CPU
		{644C2CB0-A477-48E3-8633-F67A20FC550C}.Debug|Any CPU.ActiveCfg = Debug|Any CPU
		{644C2CB0-A477-48E3-8633-F67A20FC550C}.Debug|Any CPU.Build.0 = Debug|Any CPU
		{644C2CB0-A477-48E3-8633-F67A20FC550C}.Release|Any CPU.ActiveCfg = Release|Any CPU
		{644C2CB0-A477-48E3-8633-F67A20FC550C}.Release|Any CPU.Build.0 = Release|Any CPU
	EndGlobalSection
	GlobalSection(SolutionProperties) = preSolution
		HideSolutionNode = FALSE
	EndGlobalSection
	GlobalSection(ExtensibilityGlobals) = postSolution
		SolutionGuid = {E8CF0729-A38D-49C2-83CB-37E4FEF040BE}
	EndGlobalSection
EndGlobal
